PODS:
  - SnapKit (5.0.0)
  - SwiftLint (0.33.1)

DEPENDENCIES:
  - SnapKit (~> 5.0.0)
  - SwiftLint

SPEC REPOS:
  https://github.com/cocoapods/specs.git:
    - SnapKit
    - SwiftLint

SPEC CHECKSUMS:
  SnapKit: fd22d10eb9aff484d79a8724eab922c1ddf89bcf
  SwiftLint: 9fc1143bbacec37f94994a7d0d2a85b2154b6294

PODFILE CHECKSUM: 317fdcbc6bb3087518191e36d116b747ebcde596

COCOAPODS: 1.6.2
