// !$*UTF8*$!
{
	archiveVersion = 1;
	classes = {
	};
	objectVersion = 50;
	objects = {

/* Begin PBXBuildFile section */
		15E05C3E0976B8135872146B /* Pods_HouseOfToday.framework in Frameworks */ = {isa = PBXBuildFile; fileRef = ABD2EB0DE9BF4D8B8F741A6B /* Pods_HouseOfToday.framework */; };
		42FF926122D5711200639BAF /* AppDelegate.swift in Sources */ = {isa = PBXBuildFile; fileRef = 42FF926022D5711200639BAF /* AppDelegate.swift */; };
		42FF926322D5711200639BAF /* StoreVC.swift in Sources */ = {isa = PBXBuildFile; fileRef = 42FF926222D5711200639BAF /* StoreVC.swift */; };
		42FF926822D5711400639BAF /* Assets.xcassets in Resources */ = {isa = PBXBuildFile; fileRef = 42FF926722D5711400639BAF /* Assets.xcassets */; };
		42FF926B22D5711400639BAF /* LaunchScreen.storyboard in Resources */ = {isa = PBXBuildFile; fileRef = 42FF926922D5711400639BAF /* LaunchScreen.storyboard */; };
		42FF927722D5749F00639BAF /* ServiceError.swift in Sources */ = {isa = PBXBuildFile; fileRef = 42FF927622D5749F00639BAF /* ServiceError.swift */; };
/* End PBXBuildFile section */

/* Begin PBXFileReference section */
		01A0374B666CF280459A6331 /* Pods-HouseOfToday.release.xcconfig */ = {isa = PBXFileReference; includeInIndex = 1; lastKnownFileType = text.xcconfig; name = "Pods-HouseOfToday.release.xcconfig"; path = "Target Support Files/Pods-HouseOfToday/Pods-HouseOfToday.release.xcconfig"; sourceTree = "<group>"; };
		42FF925D22D5711200639BAF /* HouseOfToday.app */ = {isa = PBXFileReference; explicitFileType = wrapper.application; includeInIndex = 0; path = HouseOfToday.app; sourceTree = BUILT_PRODUCTS_DIR; };
		42FF926022D5711200639BAF /* AppDelegate.swift */ = {isa = PBXFileReference; lastKnownFileType = sourcecode.swift; path = AppDelegate.swift; sourceTree = "<group>"; };
		42FF926222D5711200639BAF /* StoreVC.swift */ = {isa = PBXFileReference; lastKnownFileType = sourcecode.swift; path = StoreVC.swift; sourceTree = "<group>"; };
		42FF926722D5711400639BAF /* Assets.xcassets */ = {isa = PBXFileReference; lastKnownFileType = folder.assetcatalog; path = Assets.xcassets; sourceTree = "<group>"; };
		42FF926A22D5711400639BAF /* Base */ = {isa = PBXFileReference; lastKnownFileType = file.storyboard; name = Base; path = Base.lproj/LaunchScreen.storyboard; sourceTree = "<group>"; };
		42FF926C22D5711400639BAF /* Info.plist */ = {isa = PBXFileReference; lastKnownFileType = text.plist.xml; path = Info.plist; sourceTree = "<group>"; };
		42FF927622D5749F00639BAF /* ServiceError.swift */ = {isa = PBXFileReference; lastKnownFileType = sourcecode.swift; path = ServiceError.swift; sourceTree = "<group>"; };
		ABD2EB0DE9BF4D8B8F741A6B /* Pods_HouseOfToday.framework */ = {isa = PBXFileReference; explicitFileType = wrapper.framework; includeInIndex = 0; path = Pods_HouseOfToday.framework; sourceTree = BUILT_PRODUCTS_DIR; };
		B0BFEC059BBED09D6944A4A8 /* Pods-HouseOfToday.debug.xcconfig */ = {isa = PBXFileReference; includeInIndex = 1; lastKnownFileType = text.xcconfig; name = "Pods-HouseOfToday.debug.xcconfig"; path = "Target Support Files/Pods-HouseOfToday/Pods-HouseOfToday.debug.xcconfig"; sourceTree = "<group>"; };
/* End PBXFileReference section */

/* Begin PBXFrameworksBuildPhase section */
		42FF925A22D5711200639BAF /* Frameworks */ = {
			isa = PBXFrameworksBuildPhase;
			buildActionMask = 2147483647;
			files = (
				15E05C3E0976B8135872146B /* Pods_HouseOfToday.framework in Frameworks */,
			);
			runOnlyForDeploymentPostprocessing = 0;
		};
/* End PBXFrameworksBuildPhase section */

/* Begin PBXGroup section */
		226C81A145D4A1197FF6F620 /* Frameworks */ = {
			isa = PBXGroup;
			children = (
				ABD2EB0DE9BF4D8B8F741A6B /* Pods_HouseOfToday.framework */,
			);
			name = Frameworks;
			sourceTree = "<group>";
		};
		2D5457E6BABC480633FE5C5C /* Pods */ = {
			isa = PBXGroup;
			children = (
				B0BFEC059BBED09D6944A4A8 /* Pods-HouseOfToday.debug.xcconfig */,
				01A0374B666CF280459A6331 /* Pods-HouseOfToday.release.xcconfig */,
			);
			name = Pods;
			path = Pods;
			sourceTree = "<group>";
		};
		42FF925422D5711200639BAF = {
			isa = PBXGroup;
			children = (
				42FF925F22D5711200639BAF /* HouseOfToday */,
				42FF925E22D5711200639BAF /* Products */,
				2D5457E6BABC480633FE5C5C /* Pods */,
				226C81A145D4A1197FF6F620 /* Frameworks */,
			);
			sourceTree = "<group>";
		};
		42FF925E22D5711200639BAF /* Products */ = {
			isa = PBXGroup;
			children = (
				42FF925D22D5711200639BAF /* HouseOfToday.app */,
			);
			name = Products;
			sourceTree = "<group>";
		};
		42FF925F22D5711200639BAF /* HouseOfToday */ = {
			isa = PBXGroup;
			children = (
				42FF926022D5711200639BAF /* AppDelegate.swift */,
				42FF926922D5711400639BAF /* LaunchScreen.storyboard */,
				42FF926722D5711400639BAF /* Assets.xcassets */,
				42FF926C22D5711400639BAF /* Info.plist */,
				42FF927522D5721000639BAF /* Service */,
				42FF927422D571B700639BAF /* Models */,
				42FF927322D571B100639BAF /* Controller */,
				42FF927222D571A600639BAF /* View */,
			);
			path = HouseOfToday;
			sourceTree = "<group>";
		};
		42FF927222D571A600639BAF /* View */ = {
			isa = PBXGroup;
			children = (
			);
			path = View;
			sourceTree = "<group>";
		};
		42FF927322D571B100639BAF /* Controller */ = {
			isa = PBXGroup;
			children = (
				42FF926222D5711200639BAF /* StoreVC.swift */,
			);
			path = Controller;
			sourceTree = "<group>";
		};
		42FF927422D571B700639BAF /* Models */ = {
			isa = PBXGroup;
			children = (
			);
			path = Models;
			sourceTree = "<group>";
		};
		42FF927522D5721000639BAF /* Service */ = {
			isa = PBXGroup;
			children = (
				42FF927622D5749F00639BAF /* ServiceError.swift */,
			);
			path = Service;
			sourceTree = "<group>";
		};
/* End PBXGroup section */

/* Begin PBXNativeTarget section */
		42FF925C22D5711200639BAF /* HouseOfToday */ = {
			isa = PBXNativeTarget;
			buildConfigurationList = 42FF926F22D5711400639BAF /* Build configuration list for PBXNativeTarget "HouseOfToday" */;
			buildPhases = (
				5B6A24A5AD8A3C13A17F687C /* [CP] Check Pods Manifest.lock */,
				42FF925922D5711200639BAF /* Sources */,
				42FF925A22D5711200639BAF /* Frameworks */,
				42FF925B22D5711200639BAF /* Resources */,
			);
			buildRules = (
			);
			dependencies = (
			);
			name = HouseOfToday;
			productName = HouseOfToday;
			productReference = 42FF925D22D5711200639BAF /* HouseOfToday.app */;
			productType = "com.apple.product-type.application";
		};
/* End PBXNativeTarget section */

/* Begin PBXProject section */
		42FF925522D5711200639BAF /* Project object */ = {
			isa = PBXProject;
			attributes = {
				LastSwiftUpdateCheck = 1020;
				LastUpgradeCheck = 1020;
				ORGANIZATIONNAME = "CHANGGUEN YU";
				TargetAttributes = {
					42FF925C22D5711200639BAF = {
						CreatedOnToolsVersion = 10.2.1;
					};
				};
			};
			buildConfigurationList = 42FF925822D5711200639BAF /* Build configuration list for PBXProject "HouseOfToday" */;
			compatibilityVersion = "Xcode 9.3";
			developmentRegion = en;
			hasScannedForEncodings = 0;
			knownRegions = (
				en,
				Base,
			);
			mainGroup = 42FF925422D5711200639BAF;
			productRefGroup = 42FF925E22D5711200639BAF /* Products */;
			projectDirPath = "";
			projectRoot = "";
			targets = (
				42FF925C22D5711200639BAF /* HouseOfToday */,
			);
		};
/* End PBXProject section */

/* Begin PBXResourcesBuildPhase section */
		42FF925B22D5711200639BAF /* Resources */ = {
			isa = PBXResourcesBuildPhase;
			buildActionMask = 2147483647;
			files = (
				42FF926B22D5711400639BAF /* LaunchScreen.storyboard in Resources */,
				42FF926822D5711400639BAF /* Assets.xcassets in Resources */,
			);
			runOnlyForDeploymentPostprocessing = 0;
		};
/* End PBXResourcesBuildPhase section */

/* Begin PBXShellScriptBuildPhase section */
		5B6A24A5AD8A3C13A17F687C /* [CP] Check Pods Manifest.lock */ = {
			isa = PBXShellScriptBuildPhase;
			buildActionMask = 2147483647;
			files = (
			);
			inputFileListPaths = (
			);
			inputPaths = (
				"${PODS_PODFILE_DIR_PATH}/Podfile.lock",
				"${PODS_ROOT}/Manifest.lock",
			);
			name = "[CP] Check Pods Manifest.lock";
			outputFileListPaths = (
			);
			outputPaths = (
				"$(DERIVED_FILE_DIR)/Pods-HouseOfToday-checkManifestLockResult.txt",
			);
			runOnlyForDeploymentPostprocessing = 0;
			shellPath = /bin/sh;
			shellScript = "diff \"${PODS_PODFILE_DIR_PATH}/Podfile.lock\" \"${PODS_ROOT}/Manifest.lock\" > /dev/null\nif [ $? != 0 ] ; then\n    # print error to STDERR\n    echo \"error: The sandbox is not in sync with the Podfile.lock. Run 'pod install' or update your CocoaPods installation.\" >&2\n    exit 1\nfi\n# This output is used by Xcode 'outputs' to avoid re-running this script phase.\necho \"SUCCESS\" > \"${SCRIPT_OUTPUT_FILE_0}\"\n";
			showEnvVarsInLog = 0;
		};
/* End PBXShellScriptBuildPhase section */

/* Begin PBXSourcesBuildPhase section */
		42FF925922D5711200639BAF /* Sources */ = {
			isa = PBXSourcesBuildPhase;
			buildActionMask = 2147483647;
			files = (
				42FF927722D5749F00639BAF /* ServiceError.swift in Sources */,
				42FF926322D5711200639BAF /* StoreVC.swift in Sources */,
				42FF926122D5711200639BAF /* AppDelegate.swift in Sources */,
			);
			runOnlyForDeploymentPostprocessing = 0;
		};
/* End PBXSourcesBuildPhase section */

/* Begin PBXVariantGroup section */
		42FF926922D5711400639BAF /* LaunchScreen.storyboard */ = {
			isa = PBXVariantGroup;
			children = (
				42FF926A22D5711400639BAF /* Base */,
			);
			name = LaunchScreen.storyboard;
			sourceTree = "<group>";
		};
/* End PBXVariantGroup section */

/* Begin XCBuildConfiguration section */
		42FF926D22D5711400639BAF /* Debug */ = {
			isa = XCBuildConfiguration;
			buildSettings = {
				ALWAYS_SEARCH_USER_PATHS = NO;
				CLANG_ANALYZER_NONNULL = YES;
				CLANG_ANALYZER_NUMBER_OBJECT_CONVERSION = YES_AGGRESSIVE;
				CLANG_CXX_LANGUAGE_STANDARD = "gnu++14";
				CLANG_CXX_LIBRARY = "libc++";
				CLANG_ENABLE_MODULES = YES;
				CLANG_ENABLE_OBJC_ARC = YES;
				CLANG_ENABLE_OBJC_WEAK = YES;
				CLANG_WARN_BLOCK_CAPTURE_AUTORELEASING = YES;
				CLANG_WARN_BOOL_CONVERSION = YES;
				CLANG_WARN_COMMA = YES;
				CLANG_WARN_CONSTANT_CONVERSION = YES;
				CLANG_WARN_DEPRECATED_OBJC_IMPLEMENTATIONS = YES;
				CLANG_WARN_DIRECT_OBJC_ISA_USAGE = YES_ERROR;
				CLANG_WARN_DOCUMENTATION_COMMENTS = YES;
				CLANG_WARN_EMPTY_BODY = YES;
				CLANG_WARN_ENUM_CONVERSION = YES;
				CLANG_WARN_INFINITE_RECURSION = YES;
				CLANG_WARN_INT_CONVERSION = YES;
				CLANG_WARN_NON_LITERAL_NULL_CONVERSION = YES;
				CLANG_WARN_OBJC_IMPLICIT_RETAIN_SELF = YES;
				CLANG_WARN_OBJC_LITERAL_CONVERSION = YES;
				CLANG_WARN_OBJC_ROOT_CLASS = YES_ERROR;
				CLANG_WARN_RANGE_LOOP_ANALYSIS = YES;
				CLANG_WARN_STRICT_PROTOTYPES = YES;
				CLANG_WARN_SUSPICIOUS_MOVE = YES;
				CLANG_WARN_UNGUARDED_AVAILABILITY = YES_AGGRESSIVE;
				CLANG_WARN_UNREACHABLE_CODE = YES;
				CLANG_WARN__DUPLICATE_METHOD_MATCH = YES;
				CODE_SIGN_IDENTITY = "iPhone Developer";
				COPY_PHASE_STRIP = NO;
				DEBUG_INFORMATION_FORMAT = dwarf;
				ENABLE_STRICT_OBJC_MSGSEND = YES;
				ENABLE_TESTABILITY = YES;
				GCC_C_LANGUAGE_STANDARD = gnu11;
				GCC_DYNAMIC_NO_PIC = NO;
				GCC_NO_COMMON_BLOCKS = YES;
				GCC_OPTIMIZATION_LEVEL = 0;
				GCC_PREPROCESSOR_DEFINITIONS = (
					"DEBUG=1",
					"$(inherited)",
				);
				GCC_WARN_64_TO_32_BIT_CONVERSION = YES;
				GCC_WARN_ABOUT_RETURN_TYPE = YES_ERROR;
				GCC_WARN_UNDECLARED_SELECTOR = YES;
				GCC_WARN_UNINITIALIZED_AUTOS = YES_AGGRESSIVE;
				GCC_WARN_UNUSED_FUNCTION = YES;
				GCC_WARN_UNUSED_VARIABLE = YES;
				IPHONEOS_DEPLOYMENT_TARGET = 12.2;
				MTL_ENABLE_DEBUG_INFO = INCLUDE_SOURCE;
				MTL_FAST_MATH = YES;
				ONLY_ACTIVE_ARCH = YES;
				SDKROOT = iphoneos;
				SWIFT_ACTIVE_COMPILATION_CONDITIONS = DEBUG;
				SWIFT_OPTIMIZATION_LEVEL = "-Onone";
			};
			name = Debug;
		};
		42FF926E22D5711400639BAF /* Release */ = {
			isa = XCBuildConfiguration;
			buildSettings = {
				ALWAYS_SEARCH_USER_PATHS = NO;
				CLANG_ANALYZER_NONNULL = YES;
				CLANG_ANALYZER_NUMBER_OBJECT_CONVERSION = YES_AGGRESSIVE;
				CLANG_CXX_LANGUAGE_STANDARD = "gnu++14";
				CLANG_CXX_LIBRARY = "libc++";
				CLANG_ENABLE_MODULES = YES;
				CLANG_ENABLE_OBJC_ARC = YES;
				CLANG_ENABLE_OBJC_WEAK = YES;
				CLANG_WARN_BLOCK_CAPTURE_AUTORELEASING = YES;
				CLANG_WARN_BOOL_CONVERSION = YES;
				CLANG_WARN_COMMA = YES;
				CLANG_WARN_CONSTANT_CONVERSION = YES;
				CLANG_WARN_DEPRECATED_OBJC_IMPLEMENTATIONS = YES;
				CLANG_WARN_DIRECT_OBJC_ISA_USAGE = YES_ERROR;
				CLANG_WARN_DOCUMENTATION_COMMENTS = YES;
				CLANG_WARN_EMPTY_BODY = YES;
				CLANG_WARN_ENUM_CONVERSION = YES;
				CLANG_WARN_INFINITE_RECURSION = YES;
				CLANG_WARN_INT_CONVERSION = YES;
				CLANG_WARN_NON_LITERAL_NULL_CONVERSION = YES;
				CLANG_WARN_OBJC_IMPLICIT_RETAIN_SELF = YES;
				CLANG_WARN_OBJC_LITERAL_CONVERSION = YES;
				CLANG_WARN_OBJC_ROOT_CLASS = YES_ERROR;
				CLANG_WARN_RANGE_LOOP_ANALYSIS = YES;
				CLANG_WARN_STRICT_PROTOTYPES = YES;
				CLANG_WARN_SUSPICIOUS_MOVE = YES;
				CLANG_WARN_UNGUARDED_AVAILABILITY = YES_AGGRESSIVE;
				CLANG_WARN_UNREACHABLE_CODE = YES;
				CLANG_WARN__DUPLICATE_METHOD_MATCH = YES;
				CODE_SIGN_IDENTITY = "iPhone Developer";
				COPY_PHASE_STRIP = NO;
				DEBUG_INFORMATION_FORMAT = "dwarf-with-dsym";
				ENABLE_NS_ASSERTIONS = NO;
				ENABLE_STRICT_OBJC_MSGSEND = YES;
				GCC_C_LANGUAGE_STANDARD = gnu11;
				GCC_NO_COMMON_BLOCKS = YES;
				GCC_WARN_64_TO_32_BIT_CONVERSION = YES;
				GCC_WARN_ABOUT_RETURN_TYPE = YES_ERROR;
				GCC_WARN_UNDECLARED_SELECTOR = YES;
				GCC_WARN_UNINITIALIZED_AUTOS = YES_AGGRESSIVE;
				GCC_WARN_UNUSED_FUNCTION = YES;
				GCC_WARN_UNUSED_VARIABLE = YES;
				IPHONEOS_DEPLOYMENT_TARGET = 12.2;
				MTL_ENABLE_DEBUG_INFO = NO;
				MTL_FAST_MATH = YES;
				SDKROOT = iphoneos;
				SWIFT_COMPILATION_MODE = wholemodule;
				SWIFT_OPTIMIZATION_LEVEL = "-O";
				VALIDATE_PRODUCT = YES;
			};
			name = Release;
		};
		42FF927022D5711400639BAF /* Debug */ = {
			isa = XCBuildConfiguration;
			baseConfigurationReference = B0BFEC059BBED09D6944A4A8 /* Pods-HouseOfToday.debug.xcconfig */;
			buildSettings = {
				ASSETCATALOG_COMPILER_APPICON_NAME = AppIcon;
				CODE_SIGN_STYLE = Automatic;
				DEVELOPMENT_TEAM = H7746RVFJ9;
				INFOPLIST_FILE = HouseOfToday/Info.plist;
				LD_RUNPATH_SEARCH_PATHS = (
					"$(inherited)",
					"@executable_path/Frameworks",
				);
				PRODUCT_BUNDLE_IDENTIFIER = kr.xoul.HouseOfToday;
				PRODUCT_NAME = "$(TARGET_NAME)";
				SWIFT_VERSION = 5.0;
				TARGETED_DEVICE_FAMILY = "1,2";
			};
			name = Debug;
		};
		42FF927122D5711400639BAF /* Release */ = {
			isa = XCBuildConfiguration;
			baseConfigurationReference = 01A0374B666CF280459A6331 /* Pods-HouseOfToday.release.xcconfig */;
			buildSettings = {
				ASSETCATALOG_COMPILER_APPICON_NAME = AppIcon;
				CODE_SIGN_STYLE = Automatic;
				DEVELOPMENT_TEAM = H7746RVFJ9;
				INFOPLIST_FILE = HouseOfToday/Info.plist;
				LD_RUNPATH_SEARCH_PATHS = (
					"$(inherited)",
					"@executable_path/Frameworks",
				);
				PRODUCT_BUNDLE_IDENTIFIER = kr.xoul.HouseOfToday;
				PRODUCT_NAME = "$(TARGET_NAME)";
				SWIFT_VERSION = 5.0;
				TARGETED_DEVICE_FAMILY = "1,2";
			};
			name = Release;
		};
/* End XCBuildConfiguration section */

/* Begin XCConfigurationList section */
		42FF925822D5711200639BAF /* Build configuration list for PBXProject "HouseOfToday" */ = {
			isa = XCConfigurationList;
			buildConfigurations = (
				42FF926D22D5711400639BAF /* Debug */,
				42FF926E22D5711400639BAF /* Release */,
			);
			defaultConfigurationIsVisible = 0;
			defaultConfigurationName = Release;
		};
		42FF926F22D5711400639BAF /* Build configuration list for PBXNativeTarget "HouseOfToday" */ = {
			isa = XCConfigurationList;
			buildConfigurations = (
				42FF927022D5711400639BAF /* Debug */,
				42FF927122D5711400639BAF /* Release */,
			);
			defaultConfigurationIsVisible = 0;
			defaultConfigurationName = Release;
		};
/* End XCConfigurationList section */
	};
	rootObject = 42FF925522D5711200639BAF /* Project object */;
}
